{
  "name": "templatepreview",
  "version": "0.0.0",
  "lockfileVersion": 1,
  "requires": true,
  "dependencies": {
    "any-promise": {
      "version": "1.3.0",
      "resolved": "https://registry.npmjs.org/any-promise/-/any-promise-1.3.0.tgz",
      "integrity": "sha1-q8av7tzqUugJzcA3au0845Y10X8="
    },
    "dotenv": {
      "version": "5.0.1",
      "resolved": "https://registry.npmjs.org/dotenv/-/dotenv-5.0.1.tgz",
      "integrity": "sha512-4As8uPrjfwb7VXC+WnLCbXK7y+Ueb2B3zgNCePYfhxS1PYeaO1YTeplffTEcbfLhvFNGLAz90VvJs9yomG7bow=="
    },
    "liquidjs": {
      "version": "3.1.1",
      "resolved": "https://registry.npmjs.org/liquidjs/-/liquidjs-3.1.1.tgz",
      "integrity": "sha512-n3HjC4TR7hON7euUPvvuBoHmMbNxicPGvIlTRMVSWQOWwtaq++4V5cUm1DrxNsnJjOqisAIz3NyMwS6nMKtePQ==",
      "requires": {
        "any-promise": "1.3.0",
        "resolve-url": "0.2.1"
      }
    },
    "resolve-url": {
      "version": "0.2.1",
      "resolved": "https://registry.npmjs.org/resolve-url/-/resolve-url-0.2.1.tgz",
      "integrity": "sha1-LGN/53yJOv0qZj/iGqkIAGjiBSo="
    }
  }
}
